
Microsoft Visual Studio Solution File, Format Version 12.00
# Visual Studio Version 17
VisualStudioVersion = 17.9.34607.119
MinimumVisualStudioVersion = 10.0.40219.1
Project("{9A19103F-16F7-4668-BE54-9A1E7A4F7556}") = "FIAP_POS_GRADUACAO_API", "FIAP_POS_GRADUACAO_API\FIAP_POS_GRADUACAO_API.csproj", "{CC969B9D-09D5-4CF6-9B9E-72A9DF4B76D2}"
EndProject
Project("{00D1A9C2-B5F0-4AF3-8072-F6C62B433612}") = "FIAP_ESTUDOS_BD", "FIAP_ESTUDOS_DAPPER\FIAP_ESTUDOS_BD.sqlproj", "{D085CD7A-E4A9-498D-AA6B-32E8CB36E872}"
EndProject
Project("{FAE04EC0-301F-11D3-BF4B-00C04F79EFBC}") = "FIAP_ESTUDOS_DOMAIN", "FIAP_ESTUDOS_DOMAIN\FIAP_ESTUDOS_DOMAIN.csproj", "{0665C79C-F7CA-421E-8A1D-B7BC561AFB86}"
EndProject
Project("{FAE04EC0-301F-11D3-BF4B-00C04F79EFBC}") = "FIAP_ESTUDOS_APPLICATION", "FIAP_ESTUDOS_APPLICATION\FIAP_ESTUDOS_APPLICATION.csproj", "{9C67D496-F41E-4C25-B141-2C08915552F4}"
EndProject
Project("{FAE04EC0-301F-11D3-BF4B-00C04F79EFBC}") = "FIAP_ESTUDOS_INFRASTRUCTURE", "FIAP_ESTUDOS_INFRASTRUCTURE\FIAP_ESTUDOS_INFRASTRUCTURE.csproj", "{7781AD98-B6F0-42C5-BA6F-4190B5D08976}"
EndProject
Global
	GlobalSection(SolutionConfigurationPlatforms) = preSolution
		Debug|Any CPU = Debug|Any CPU
		Release|Any CPU = Release|Any CPU
	EndGlobalSection
	GlobalSection(ProjectConfigurationPlatforms) = postSolution
		{CC969B9D-09D5-4CF6-9B9E-72A9DF4B76D2}.Debug|Any CPU.ActiveCfg = Debug|Any CPU
		{CC969B9D-09D5-4CF6-9B9E-72A9DF4B76D2}.Debug|Any CPU.Build.0 = Debug|Any CPU
		{CC969B9D-09D5-4CF6-9B9E-72A9DF4B76D2}.Release|Any CPU.ActiveCfg = Release|Any CPU
		{CC969B9D-09D5-4CF6-9B9E-72A9DF4B76D2}.Release|Any CPU.Build.0 = Release|Any CPU
		{D085CD7A-E4A9-498D-AA6B-32E8CB36E872}.Debug|Any CPU.ActiveCfg = Debug|Any CPU
		{D085CD7A-E4A9-498D-AA6B-32E8CB36E872}.Debug|Any CPU.Build.0 = Debug|Any CPU
		{D085CD7A-E4A9-498D-AA6B-32E8CB36E872}.Debug|Any CPU.Deploy.0 = Debug|Any CPU
		{D085CD7A-E4A9-498D-AA6B-32E8CB36E872}.Release|Any CPU.ActiveCfg = Release|Any CPU
		{D085CD7A-E4A9-498D-AA6B-32E8CB36E872}.Release|Any CPU.Build.0 = Release|Any CPU
		{D085CD7A-E4A9-498D-AA6B-32E8CB36E872}.Release|Any CPU.Deploy.0 = Release|Any CPU
		{0665C79C-F7CA-421E-8A1D-B7BC561AFB86}.Debug|Any CPU.ActiveCfg = Debug|Any CPU
		{0665C79C-F7CA-421E-8A1D-B7BC561AFB86}.Debug|Any CPU.Build.0 = Debug|Any CPU
		{0665C79C-F7CA-421E-8A1D-B7BC561AFB86}.Release|Any CPU.ActiveCfg = Release|Any CPU
		{0665C79C-F7CA-421E-8A1D-B7BC561AFB86}.Release|Any CPU.Build.0 = Release|Any CPU
		{9C67D496-F41E-4C25-B141-2C08915552F4}.Debug|Any CPU.ActiveCfg = Debug|Any CPU
		{9C67D496-F41E-4C25-B141-2C08915552F4}.Debug|Any CPU.Build.0 = Debug|Any CPU
		{9C67D496-F41E-4C25-B141-2C08915552F4}.Release|Any CPU.ActiveCfg = Release|Any CPU
		{9C67D496-F41E-4C25-B141-2C08915552F4}.Release|Any CPU.Build.0 = Release|Any CPU
		{7781AD98-B6F0-42C5-BA6F-4190B5D08976}.Debug|Any CPU.ActiveCfg = Debug|Any CPU
		{7781AD98-B6F0-42C5-BA6F-4190B5D08976}.Debug|Any CPU.Build.0 = Debug|Any CPU
		{7781AD98-B6F0-42C5-BA6F-4190B5D08976}.Release|Any CPU.ActiveCfg = Release|Any CPU
		{7781AD98-B6F0-42C5-BA6F-4190B5D08976}.Release|Any CPU.Build.0 = Release|Any CPU
	EndGlobalSection
	GlobalSection(SolutionProperties) = preSolution
		HideSolutionNode = FALSE
	EndGlobalSection
	GlobalSection(ExtensibilityGlobals) = postSolution
		SolutionGuid = {D7B56E24-3B8F-4BEA-84DB-C7C4B346D58C}
	EndGlobalSection
EndGlobal
